// !$*UTF8*$!
{
	archiveVersion = 1;
	classes = {
	};
	objectVersion = 50;
	objects = {

/* Begin PBXBuildFile section */
		A62C92762526CF5F008613E6 /* AppDelegate.swift in Sources */ = {isa = PBXBuildFile; fileRef = A62C92752526CF5F008613E6 /* AppDelegate.swift */; };
		A62C92782526CF5F008613E6 /* SceneDelegate.swift in Sources */ = {isa = PBXBuildFile; fileRef = A62C92772526CF5F008613E6 /* SceneDelegate.swift */; };
		A62C927A2526CF5F008613E6 /* ViewController.swift in Sources */ = {isa = PBXBuildFile; fileRef = A62C92792526CF5F008613E6 /* ViewController.swift */; };
		A62C927D2526CF5F008613E6 /* Main.storyboard in Resources */ = {isa = PBXBuildFile; fileRef = A62C927B2526CF5F008613E6 /* Main.storyboard */; };
		A62C92802526CF5F008613E6 /* CoreRelationships.xcdatamodeld in Sources */ = {isa = PBXBuildFile; fileRef = A62C927E2526CF5F008613E6 /* CoreRelationships.xcdatamodeld */; };
		A62C92822526CF60008613E6 /* Assets.xcassets in Resources */ = {isa = PBXBuildFile; fileRef = A62C92812526CF60008613E6 /* Assets.xcassets */; };
		A62C92852526CF60008613E6 /* LaunchScreen.storyboard in Resources */ = {isa = PBXBuildFile; fileRef = A62C92832526CF60008613E6 /* LaunchScreen.storyboard */; };
		A62C92902526CF60008613E6 /* CoreRelationshipsTests.swift in Sources */ = {isa = PBXBuildFile; fileRef = A62C928F2526CF60008613E6 /* CoreRelationshipsTests.swift */; };
		A62C929B2526CF60008613E6 /* CoreRelationshipsUITests.swift in Sources */ = {isa = PBXBuildFile; fileRef = A62C929A2526CF60008613E6 /* CoreRelationshipsUITests.swift */; };
/* End PBXBuildFile section */

/* Begin PBXContainerItemProxy section */
		A62C928C2526CF60008613E6 /* PBXContainerItemProxy */ = {
			isa = PBXContainerItemProxy;
			containerPortal = A62C926A2526CF5F008613E6 /* Project object */;
			proxyType = 1;
			remoteGlobalIDString = A62C92712526CF5F008613E6;
			remoteInfo = CoreRelationships;
		};
		A62C92972526CF60008613E6 /* PBXContainerItemProxy */ = {
			isa = PBXContainerItemProxy;
			containerPortal = A62C926A2526CF5F008613E6 /* Project object */;
			proxyType = 1;
			remoteGlobalIDString = A62C92712526CF5F008613E6;
			remoteInfo = CoreRelationships;
		};
/* End PBXContainerItemProxy section */

/* Begin PBXFileReference section */
		A62C92722526CF5F008613E6 /* CoreRelationships.app */ = {isa = PBXFileReference; explicitFileType = wrapper.application; includeInIndex = 0; path = CoreRelationships.app; sourceTree = BUILT_PRODUCTS_DIR; };
		A62C92752526CF5F008613E6 /* AppDelegate.swift */ = {isa = PBXFileReference; lastKnownFileType = sourcecode.swift; path = AppDelegate.swift; sourceTree = "<group>"; };
		A62C92772526CF5F008613E6 /* SceneDelegate.swift */ = {isa = PBXFileReference; lastKnownFileType = sourcecode.swift; path = SceneDelegate.swift; sourceTree = "<group>"; };
		A62C92792526CF5F008613E6 /* ViewController.swift */ = {isa = PBXFileReference; lastKnownFileType = sourcecode.swift; path = ViewController.swift; sourceTree = "<group>"; };
		A62C927C2526CF5F008613E6 /* Base */ = {isa = PBXFileReference; lastKnownFileType = file.storyboard; name = Base; path = Base.lproj/Main.storyboard; sourceTree = "<group>"; };
		A62C927F2526CF5F008613E6 /* CoreRelationships.xcdatamodel */ = {isa = PBXFileReference; lastKnownFileType = wrapper.xcdatamodel; path = CoreRelationships.xcdatamodel; sourceTree = "<group>"; };
		A62C92812526CF60008613E6 /* Assets.xcassets */ = {isa = PBXFileReference; lastKnownFileType = folder.assetcatalog; path = Assets.xcassets; sourceTree = "<group>"; };
		A62C92842526CF60008613E6 /* Base */ = {isa = PBXFileReference; lastKnownFileType = file.storyboard; name = Base; path = Base.lproj/LaunchScreen.storyboard; sourceTree = "<group>"; };
		A62C92862526CF60008613E6 /* Info.plist */ = {isa = PBXFileReference; lastKnownFileType = text.plist.xml; path = Info.plist; sourceTree = "<group>"; };
		A62C928B2526CF60008613E6 /* CoreRelationshipsTests.xctest */ = {isa = PBXFileReference; explicitFileType = wrapper.cfbundle; includeInIndex = 0; path = CoreRelationshipsTests.xctest; sourceTree = BUILT_PRODUCTS_DIR; };
		A62C928F2526CF60008613E6 /* CoreRelationshipsTests.swift */ = {isa = PBXFileReference; lastKnownFileType = sourcecode.swift; path = CoreRelationshipsTests.swift; sourceTree = "<group>"; };
		A62C92912526CF60008613E6 /* Info.plist */ = {isa = PBXFileReference; lastKnownFileType = text.plist.xml; path = Info.plist; sourceTree = "<group>"; };
		A62C92962526CF60008613E6 /* CoreRelationshipsUITests.xctest */ = {isa = PBXFileReference; explicitFileType = wrapper.cfbundle; includeInIndex = 0; path = CoreRelationshipsUITests.xctest; sourceTree = BUILT_PRODUCTS_DIR; };
		A62C929A2526CF60008613E6 /* CoreRelationshipsUITests.swift */ = {isa = PBXFileReference; lastKnownFileType = sourcecode.swift; path = CoreRelationshipsUITests.swift; sourceTree = "<group>"; };
		A62C929C2526CF60008613E6 /* Info.plist */ = {isa = PBXFileReference; lastKnownFileType = text.plist.xml; path = Info.plist; sourceTree = "<group>"; };
/* End PBXFileReference section */

/* Begin PBXFrameworksBuildPhase section */
		A62C926F2526CF5F008613E6 /* Frameworks */ = {
			isa = PBXFrameworksBuildPhase;
			buildActionMask = 2147483647;
			files = (
			);
			runOnlyForDeploymentPostprocessing = 0;
		};
		A62C92882526CF60008613E6 /* Frameworks */ = {
			isa = PBXFrameworksBuildPhase;
			buildActionMask = 2147483647;
			files = (
			);
			runOnlyForDeploymentPostprocessing = 0;
		};
		A62C92932526CF60008613E6 /* Frameworks */ = {
			isa = PBXFrameworksBuildPhase;
			buildActionMask = 2147483647;
			files = (
			);
			runOnlyForDeploymentPostprocessing = 0;
		};
/* End PBXFrameworksBuildPhase section */

/* Begin PBXGroup section */
		A62C92692526CF5F008613E6 = {
			isa = PBXGroup;
			children = (
				A62C92742526CF5F008613E6 /* CoreRelationships */,
				A62C928E2526CF60008613E6 /* CoreRelationshipsTests */,
				A62C92992526CF60008613E6 /* CoreRelationshipsUITests */,
				A62C92732526CF5F008613E6 /* Products */,
			);
			sourceTree = "<group>";
		};
		A62C92732526CF5F008613E6 /* Products */ = {
			isa = PBXGroup;
			children = (
				A62C92722526CF5F008613E6 /* CoreRelationships.app */,
				A62C928B2526CF60008613E6 /* CoreRelationshipsTests.xctest */,
				A62C92962526CF60008613E6 /* CoreRelationshipsUITests.xctest */,
			);
			name = Products;
			sourceTree = "<group>";
		};
		A62C92742526CF5F008613E6 /* CoreRelationships */ = {
			isa = PBXGroup;
			children = (
				A62C92752526CF5F008613E6 /* AppDelegate.swift */,
				A62C92772526CF5F008613E6 /* SceneDelegate.swift */,
				A62C92792526CF5F008613E6 /* ViewController.swift */,
				A62C927B2526CF5F008613E6 /* Main.storyboard */,
				A62C92812526CF60008613E6 /* Assets.xcassets */,
				A62C92832526CF60008613E6 /* LaunchScreen.storyboard */,
				A62C92862526CF60008613E6 /* Info.plist */,
				A62C927E2526CF5F008613E6 /* CoreRelationships.xcdatamodeld */,
			);
			path = CoreRelationships;
			sourceTree = "<group>";
		};
		A62C928E2526CF60008613E6 /* CoreRelationshipsTests */ = {
			isa = PBXGroup;
			children = (
				A62C928F2526CF60008613E6 /* CoreRelationshipsTests.swift */,
				A62C92912526CF60008613E6 /* Info.plist */,
			);
			path = CoreRelationshipsTests;
			sourceTree = "<group>";
		};
		A62C92992526CF60008613E6 /* CoreRelationshipsUITests */ = {
			isa = PBXGroup;
			children = (
				A62C929A2526CF60008613E6 /* CoreRelationshipsUITests.swift */,
				A62C929C2526CF60008613E6 /* Info.plist */,
			);
			path = CoreRelationshipsUITests;
			sourceTree = "<group>";
		};
/* End PBXGroup section */

/* Begin PBXNativeTarget section */
		A62C92712526CF5F008613E6 /* CoreRelationships */ = {
			isa = PBXNativeTarget;
			buildConfigurationList = A62C929F2526CF60008613E6 /* Build configuration list for PBXNativeTarget "CoreRelationships" */;
			buildPhases = (
				A62C926E2526CF5F008613E6 /* Sources */,
				A62C926F2526CF5F008613E6 /* Frameworks */,
				A62C92702526CF5F008613E6 /* Resources */,
			);
			buildRules = (
			);
			dependencies = (
			);
			name = CoreRelationships;
			productName = CoreRelationships;
			productReference = A62C92722526CF5F008613E6 /* CoreRelationships.app */;
			productType = "com.apple.product-type.application";
		};
		A62C928A2526CF60008613E6 /* CoreRelationshipsTests */ = {
			isa = PBXNativeTarget;
			buildConfigurationList = A62C92A22526CF60008613E6 /* Build configuration list for PBXNativeTarget "CoreRelationshipsTests" */;
			buildPhases = (
				A62C92872526CF60008613E6 /* Sources */,
				A62C92882526CF60008613E6 /* Frameworks */,
				A62C92892526CF60008613E6 /* Resources */,
			);
			buildRules = (
			);
			dependencies = (
				A62C928D2526CF60008613E6 /* PBXTargetDependency */,
			);
			name = CoreRelationshipsTests;
			productName = CoreRelationshipsTests;
			productReference = A62C928B2526CF60008613E6 /* CoreRelationshipsTests.xctest */;
			productType = "com.apple.product-type.bundle.unit-test";
		};
		A62C92952526CF60008613E6 /* CoreRelationshipsUITests */ = {
			isa = PBXNativeTarget;
			buildConfigurationList = A62C92A52526CF60008613E6 /* Build configuration list for PBXNativeTarget "CoreRelationshipsUITests" */;
			buildPhases = (
				A62C92922526CF60008613E6 /* Sources */,
				A62C92932526CF60008613E6 /* Frameworks */,
				A62C92942526CF60008613E6 /* Resources */,
			);
			buildRules = (
			);
			dependencies = (
				A62C92982526CF60008613E6 /* PBXTargetDependency */,
			);
			name = CoreRelationshipsUITests;
			productName = CoreRelationshipsUITests;
			productReference = A62C92962526CF60008613E6 /* CoreRelationshipsUITests.xctest */;
			productType = "com.apple.product-type.bundle.ui-testing";
		};
/* End PBXNativeTarget section */

/* Begin PBXProject section */
		A62C926A2526CF5F008613E6 /* Project object */ = {
			isa = PBXProject;
			attributes = {
				LastSwiftUpdateCheck = 1200;
				LastUpgradeCheck = 1200;
				TargetAttributes = {
					A62C92712526CF5F008613E6 = {
						CreatedOnToolsVersion = 12.0.1;
					};
					A62C928A2526CF60008613E6 = {
						CreatedOnToolsVersion = 12.0.1;
						TestTargetID = A62C92712526CF5F008613E6;
					};
					A62C92952526CF60008613E6 = {
						CreatedOnToolsVersion = 12.0.1;
						TestTargetID = A62C92712526CF5F008613E6;
					};
				};
			};
			buildConfigurationList = A62C926D2526CF5F008613E6 /* Build configuration list for PBXProject "CoreRelationships" */;
			compatibilityVersion = "Xcode 9.3";
			developmentRegion = en;
			hasScannedForEncodings = 0;
			knownRegions = (
				en,
				Base,
			);
			mainGroup = A62C92692526CF5F008613E6;
			productRefGroup = A62C92732526CF5F008613E6 /* Products */;
			projectDirPath = "";
			projectRoot = "";
			targets = (
				A62C92712526CF5F008613E6 /* CoreRelationships */,
				A62C928A2526CF60008613E6 /* CoreRelationshipsTests */,
				A62C92952526CF60008613E6 /* CoreRelationshipsUITests */,
			);
		};
/* End PBXProject section */

/* Begin PBXResourcesBuildPhase section */
		A62C92702526CF5F008613E6 /* Resources */ = {
			isa = PBXResourcesBuildPhase;
			buildActionMask = 2147483647;
			files = (
				A62C92852526CF60008613E6 /* LaunchScreen.storyboard in Resources */,
				A62C92822526CF60008613E6 /* Assets.xcassets in Resources */,
				A62C927D2526CF5F008613E6 /* Main.storyboard in Resources */,
			);
			runOnlyForDeploymentPostprocessing = 0;
		};
		A62C92892526CF60008613E6 /* Resources */ = {
			isa = PBXResourcesBuildPhase;
			buildActionMask = 2147483647;
			files = (
			);
			runOnlyForDeploymentPostprocessing = 0;
		};
		A62C92942526CF60008613E6 /* Resources */ = {
			isa = PBXResourcesBuildPhase;
			buildActionMask = 2147483647;
			files = (
			);
			runOnlyForDeploymentPostprocessing = 0;
		};
/* End PBXResourcesBuildPhase section */

/* Begin PBXSourcesBuildPhase section */
		A62C926E2526CF5F008613E6 /* Sources */ = {
			isa = PBXSourcesBuildPhase;
			buildActionMask = 2147483647;
			files = (
				A62C92802526CF5F008613E6 /* CoreRelationships.xcdatamodeld in Sources */,
				A62C927A2526CF5F008613E6 /* ViewController.swift in Sources */,
				A62C92762526CF5F008613E6 /* AppDelegate.swift in Sources */,
				A62C92782526CF5F008613E6 /* SceneDelegate.swift in Sources */,
			);
			runOnlyForDeploymentPostprocessing = 0;
		};
		A62C92872526CF60008613E6 /* Sources */ = {
			isa = PBXSourcesBuildPhase;
			buildActionMask = 2147483647;
			files = (
				A62C92902526CF60008613E6 /* CoreRelationshipsTests.swift in Sources */,
			);
			runOnlyForDeploymentPostprocessing = 0;
		};
		A62C92922526CF60008613E6 /* Sources */ = {
			isa = PBXSourcesBuildPhase;
			buildActionMask = 2147483647;
			files = (
				A62C929B2526CF60008613E6 /* CoreRelationshipsUITests.swift in Sources */,
			);
			runOnlyForDeploymentPostprocessing = 0;
		};
/* End PBXSourcesBuildPhase section */

/* Begin PBXTargetDependency section */
		A62C928D2526CF60008613E6 /* PBXTargetDependency */ = {
			isa = PBXTargetDependency;
			target = A62C92712526CF5F008613E6 /* CoreRelationships */;
			targetProxy = A62C928C2526CF60008613E6 /* PBXContainerItemProxy */;
		};
		A62C92982526CF60008613E6 /* PBXTargetDependency */ = {
			isa = PBXTargetDependency;
			target = A62C92712526CF5F008613E6 /* CoreRelationships */;
			targetProxy = A62C92972526CF60008613E6 /* PBXContainerItemProxy */;
		};
/* End PBXTargetDependency section */

/* Begin PBXVariantGroup section */
		A62C927B2526CF5F008613E6 /* Main.storyboard */ = {
			isa = PBXVariantGroup;
			children = (
				A62C927C2526CF5F008613E6 /* Base */,
			);
			name = Main.storyboard;
			sourceTree = "<group>";
		};
		A62C92832526CF60008613E6 /* LaunchScreen.storyboard */ = {
			isa = PBXVariantGroup;
			children = (
				A62C92842526CF60008613E6 /* Base */,
			);
			name = LaunchScreen.storyboard;
			sourceTree = "<group>";
		};
/* End PBXVariantGroup section */

/* Begin XCBuildConfiguration section */
		A62C929D2526CF60008613E6 /* Debug */ = {
			isa = XCBuildConfiguration;
			buildSettings = {
				ALWAYS_SEARCH_USER_PATHS = NO;
				CLANG_ANALYZER_NONNULL = YES;
				CLANG_ANALYZER_NUMBER_OBJECT_CONVERSION = YES_AGGRESSIVE;
				CLANG_CXX_LANGUAGE_STANDARD = "gnu++14";
				CLANG_CXX_LIBRARY = "libc++";
				CLANG_ENABLE_MODULES = YES;
				CLANG_ENABLE_OBJC_ARC = YES;
				CLANG_ENABLE_OBJC_WEAK = YES;
				CLANG_WARN_BLOCK_CAPTURE_AUTORELEASING = YES;
				CLANG_WARN_BOOL_CONVERSION = YES;
				CLANG_WARN_COMMA = YES;
				CLANG_WARN_CONSTANT_CONVERSION = YES;
				CLANG_WARN_DEPRECATED_OBJC_IMPLEMENTATIONS = YES;
				CLANG_WARN_DIRECT_OBJC_ISA_USAGE = YES_ERROR;
				CLANG_WARN_DOCUMENTATION_COMMENTS = YES;
				CLANG_WARN_EMPTY_BODY = YES;
				CLANG_WARN_ENUM_CONVERSION = YES;
				CLANG_WARN_INFINITE_RECURSION = YES;
				CLANG_WARN_INT_CONVERSION = YES;
				CLANG_WARN_NON_LITERAL_NULL_CONVERSION = YES;
				CLANG_WARN_OBJC_IMPLICIT_RETAIN_SELF = YES;
				CLANG_WARN_OBJC_LITERAL_CONVERSION = YES;
				CLANG_WARN_OBJC_ROOT_CLASS = YES_ERROR;
				CLANG_WARN_QUOTED_INCLUDE_IN_FRAMEWORK_HEADER = YES;
				CLANG_WARN_RANGE_LOOP_ANALYSIS = YES;
				CLANG_WARN_STRICT_PROTOTYPES = YES;
				CLANG_WARN_SUSPICIOUS_MOVE = YES;
				CLANG_WARN_UNGUARDED_AVAILABILITY = YES_AGGRESSIVE;
				CLANG_WARN_UNREACHABLE_CODE = YES;
				CLANG_WARN__DUPLICATE_METHOD_MATCH = YES;
				COPY_PHASE_STRIP = NO;
				DEBUG_INFORMATION_FORMAT = dwarf;
				ENABLE_STRICT_OBJC_MSGSEND = YES;
				ENABLE_TESTABILITY = YES;
				GCC_C_LANGUAGE_STANDARD = gnu11;
				GCC_DYNAMIC_NO_PIC = NO;
				GCC_NO_COMMON_BLOCKS = YES;
				GCC_OPTIMIZATION_LEVEL = 0;
				GCC_PREPROCESSOR_DEFINITIONS = (
					"DEBUG=1",
					"$(inherited)",
				);
				GCC_WARN_64_TO_32_BIT_CONVERSION = YES;
				GCC_WARN_ABOUT_RETURN_TYPE = YES_ERROR;
				GCC_WARN_UNDECLARED_SELECTOR = YES;
				GCC_WARN_UNINITIALIZED_AUTOS = YES_AGGRESSIVE;
				GCC_WARN_UNUSED_FUNCTION = YES;
				GCC_WARN_UNUSED_VARIABLE = YES;
				IPHONEOS_DEPLOYMENT_TARGET = 14.0;
				MTL_ENABLE_DEBUG_INFO = INCLUDE_SOURCE;
				MTL_FAST_MATH = YES;
				ONLY_ACTIVE_ARCH = YES;
				SDKROOT = iphoneos;
				SWIFT_ACTIVE_COMPILATION_CONDITIONS = DEBUG;
				SWIFT_OPTIMIZATION_LEVEL = "-Onone";
			};
			name = Debug;
		};
		A62C929E2526CF60008613E6 /* Release */ = {
			isa = XCBuildConfiguration;
			buildSettings = {
				ALWAYS_SEARCH_USER_PATHS = NO;
				CLANG_ANALYZER_NONNULL = YES;
				CLANG_ANALYZER_NUMBER_OBJECT_CONVERSION = YES_AGGRESSIVE;
				CLANG_CXX_LANGUAGE_STANDARD = "gnu++14";
				CLANG_CXX_LIBRARY = "libc++";
				CLANG_ENABLE_MODULES = YES;
				CLANG_ENABLE_OBJC_ARC = YES;
				CLANG_ENABLE_OBJC_WEAK = YES;
				CLANG_WARN_BLOCK_CAPTURE_AUTORELEASING = YES;
				CLANG_WARN_BOOL_CONVERSION = YES;
				CLANG_WARN_COMMA = YES;
				CLANG_WARN_CONSTANT_CONVERSION = YES;
				CLANG_WARN_DEPRECATED_OBJC_IMPLEMENTATIONS = YES;
				CLANG_WARN_DIRECT_OBJC_ISA_USAGE = YES_ERROR;
				CLANG_WARN_DOCUMENTATION_COMMENTS = YES;
				CLANG_WARN_EMPTY_BODY = YES;
				CLANG_WARN_ENUM_CONVERSION = YES;
				CLANG_WARN_INFINITE_RECURSION = YES;
				CLANG_WARN_INT_CONVERSION = YES;
				CLANG_WARN_NON_LITERAL_NULL_CONVERSION = YES;
				CLANG_WARN_OBJC_IMPLICIT_RETAIN_SELF = YES;
				CLANG_WARN_OBJC_LITERAL_CONVERSION = YES;
				CLANG_WARN_OBJC_ROOT_CLASS = YES_ERROR;
				CLANG_WARN_QUOTED_INCLUDE_IN_FRAMEWORK_HEADER = YES;
				CLANG_WARN_RANGE_LOOP_ANALYSIS = YES;
				CLANG_WARN_STRICT_PROTOTYPES = YES;
				CLANG_WARN_SUSPICIOUS_MOVE = YES;
				CLANG_WARN_UNGUARDED_AVAILABILITY = YES_AGGRESSIVE;
				CLANG_WARN_UNREACHABLE_CODE = YES;
				CLANG_WARN__DUPLICATE_METHOD_MATCH = YES;
				COPY_PHASE_STRIP = NO;
				DEBUG_INFORMATION_FORMAT = "dwarf-with-dsym";
				ENABLE_NS_ASSERTIONS = NO;
				ENABLE_STRICT_OBJC_MSGSEND = YES;
				GCC_C_LANGUAGE_STANDARD = gnu11;
				GCC_NO_COMMON_BLOCKS = YES;
				GCC_WARN_64_TO_32_BIT_CONVERSION = YES;
				GCC_WARN_ABOUT_RETURN_TYPE = YES_ERROR;
				GCC_WARN_UNDECLARED_SELECTOR = YES;
				GCC_WARN_UNINITIALIZED_AUTOS = YES_AGGRESSIVE;
				GCC_WARN_UNUSED_FUNCTION = YES;
				GCC_WARN_UNUSED_VARIABLE = YES;
				IPHONEOS_DEPLOYMENT_TARGET = 14.0;
				MTL_ENABLE_DEBUG_INFO = NO;
				MTL_FAST_MATH = YES;
				SDKROOT = iphoneos;
				SWIFT_COMPILATION_MODE = wholemodule;
				SWIFT_OPTIMIZATION_LEVEL = "-O";
				VALIDATE_PRODUCT = YES;
			};
			name = Release;
		};
		A62C92A02526CF60008613E6 /* Debug */ = {
			isa = XCBuildConfiguration;
			buildSettings = {
				ASSETCATALOG_COMPILER_APPICON_NAME = AppIcon;
				ASSETCATALOG_COMPILER_GLOBAL_ACCENT_COLOR_NAME = AccentColor;
				CODE_SIGN_STYLE = Automatic;
				DEVELOPMENT_TEAM = 5R4F63FV7T;
				INFOPLIST_FILE = CoreRelationships/Info.plist;
				LD_RUNPATH_SEARCH_PATHS = (
					"$(inherited)",
					"@executable_path/Frameworks",
				);
				PRODUCT_BUNDLE_IDENTIFIER = com.mikihodel.CoreRelationships;
				PRODUCT_NAME = "$(TARGET_NAME)";
				SWIFT_VERSION = 5.0;
				TARGETED_DEVICE_FAMILY = "1,2";
			};
			name = Debug;
		};
		A62C92A12526CF60008613E6 /* Release */ = {
			isa = XCBuildConfiguration;
			buildSettings = {
				ASSETCATALOG_COMPILER_APPICON_NAME = AppIcon;
				ASSETCATALOG_COMPILER_GLOBAL_ACCENT_COLOR_NAME = AccentColor;
				CODE_SIGN_STYLE = Automatic;
				DEVELOPMENT_TEAM = 5R4F63FV7T;
				INFOPLIST_FILE = CoreRelationships/Info.plist;
				LD_RUNPATH_SEARCH_PATHS = (
					"$(inherited)",
					"@executable_path/Frameworks",
				);
				PRODUCT_BUNDLE_IDENTIFIER = com.mikihodel.CoreRelationships;
				PRODUCT_NAME = "$(TARGET_NAME)";
				SWIFT_VERSION = 5.0;
				TARGETED_DEVICE_FAMILY = "1,2";
			};
			name = Release;
		};
		A62C92A32526CF60008613E6 /* Debug */ = {
			isa = XCBuildConfiguration;
			buildSettings = {
				ALWAYS_EMBED_SWIFT_STANDARD_LIBRARIES = YES;
				BUNDLE_LOADER = "$(TEST_HOST)";
				CODE_SIGN_STYLE = Automatic;
				DEVELOPMENT_TEAM = 5R4F63FV7T;
				INFOPLIST_FILE = CoreRelationshipsTests/Info.plist;
				IPHONEOS_DEPLOYMENT_TARGET = 14.0;
				LD_RUNPATH_SEARCH_PATHS = (
					"$(inherited)",
					"@executable_path/Frameworks",
					"@loader_path/Frameworks",
				);
				PRODUCT_BUNDLE_IDENTIFIER = com.mikihodel.CoreRelationshipsTests;
				PRODUCT_NAME = "$(TARGET_NAME)";
				SWIFT_VERSION = 5.0;
				TARGETED_DEVICE_FAMILY = "1,2";
				TEST_HOST = "$(BUILT_PRODUCTS_DIR)/CoreRelationships.app/CoreRelationships";
			};
			name = Debug;
		};
		A62C92A42526CF60008613E6 /* Release */ = {
			isa = XCBuildConfiguration;
			buildSettings = {
				ALWAYS_EMBED_SWIFT_STANDARD_LIBRARIES = YES;
				BUNDLE_LOADER = "$(TEST_HOST)";
				CODE_SIGN_STYLE = Automatic;
				DEVELOPMENT_TEAM = 5R4F63FV7T;
				INFOPLIST_FILE = CoreRelationshipsTests/Info.plist;
				IPHONEOS_DEPLOYMENT_TARGET = 14.0;
				LD_RUNPATH_SEARCH_PATHS = (
					"$(inherited)",
					"@executable_path/Frameworks",
					"@loader_path/Frameworks",
				);
				PRODUCT_BUNDLE_IDENTIFIER = com.mikihodel.CoreRelationshipsTests;
				PRODUCT_NAME = "$(TARGET_NAME)";
				SWIFT_VERSION = 5.0;
				TARGETED_DEVICE_FAMILY = "1,2";
				TEST_HOST = "$(BUILT_PRODUCTS_DIR)/CoreRelationships.app/CoreRelationships";
			};
			name = Release;
		};
		A62C92A62526CF60008613E6 /* Debug */ = {
			isa = XCBuildConfiguration;
			buildSettings = {
				ALWAYS_EMBED_SWIFT_STANDARD_LIBRARIES = YES;
				CODE_SIGN_STYLE = Automatic;
				DEVELOPMENT_TEAM = 5R4F63FV7T;
				INFOPLIST_FILE = CoreRelationshipsUITests/Info.plist;
				LD_RUNPATH_SEARCH_PATHS = (
					"$(inherited)",
					"@executable_path/Frameworks",
					"@loader_path/Frameworks",
				);
				PRODUCT_BUNDLE_IDENTIFIER = com.mikihodel.CoreRelationshipsUITests;
				PRODUCT_NAME = "$(TARGET_NAME)";
				SWIFT_VERSION = 5.0;
				TARGETED_DEVICE_FAMILY = "1,2";
				TEST_TARGET_NAME = CoreRelationships;
			};
			name = Debug;
		};
		A62C92A72526CF60008613E6 /* Release */ = {
			isa = XCBuildConfiguration;
			buildSettings = {
				ALWAYS_EMBED_SWIFT_STANDARD_LIBRARIES = YES;
				CODE_SIGN_STYLE = Automatic;
				DEVELOPMENT_TEAM = 5R4F63FV7T;
				INFOPLIST_FILE = CoreRelationshipsUITests/Info.plist;
				LD_RUNPATH_SEARCH_PATHS = (
					"$(inherited)",
					"@executable_path/Frameworks",
					"@loader_path/Frameworks",
				);
				PRODUCT_BUNDLE_IDENTIFIER = com.mikihodel.CoreRelationshipsUITests;
				PRODUCT_NAME = "$(TARGET_NAME)";
				SWIFT_VERSION = 5.0;
				TARGETED_DEVICE_FAMILY = "1,2";
				TEST_TARGET_NAME = CoreRelationships;
			};
			name = Release;
		};
/* End XCBuildConfiguration section */

/* Begin XCConfigurationList section */
		A62C926D2526CF5F008613E6 /* Build configuration list for PBXProject "CoreRelationships" */ = {
			isa = XCConfigurationList;
			buildConfigurations = (
				A62C929D2526CF60008613E6 /* Debug */,
				A62C929E2526CF60008613E6 /* Release */,
			);
			defaultConfigurationIsVisible = 0;
			defaultConfigurationName = Release;
		};
		A62C929F2526CF60008613E6 /* Build configuration list for PBXNativeTarget "CoreRelationships" */ = {
			isa = XCConfigurationList;
			buildConfigurations = (
				A62C92A02526CF60008613E6 /* Debug */,
				A62C92A12526CF60008613E6 /* Release */,
			);
			defaultConfigurationIsVisible = 0;
			defaultConfigurationName = Release;
		};
		A62C92A22526CF60008613E6 /* Build configuration list for PBXNativeTarget "CoreRelationshipsTests" */ = {
			isa = XCConfigurationList;
			buildConfigurations = (
				A62C92A32526CF60008613E6 /* Debug */,
				A62C92A42526CF60008613E6 /* Release */,
			);
			defaultConfigurationIsVisible = 0;
			defaultConfigurationName = Release;
		};
		A62C92A52526CF60008613E6 /* Build configuration list for PBXNativeTarget "CoreRelationshipsUITests" */ = {
			isa = XCConfigurationList;
			buildConfigurations = (
				A62C92A62526CF60008613E6 /* Debug */,
				A62C92A72526CF60008613E6 /* Release */,
			);
			defaultConfigurationIsVisible = 0;
			defaultConfigurationName = Release;
		};
/* End XCConfigurationList section */

/* Begin XCVersionGroup section */
		A62C927E2526CF5F008613E6 /* CoreRelationships.xcdatamodeld */ = {
			isa = XCVersionGroup;
			children = (
				A62C927F2526CF5F008613E6 /* CoreRelationships.xcdatamodel */,
			);
			currentVersion = A62C927F2526CF5F008613E6 /* CoreRelationships.xcdatamodel */;
			path = CoreRelationships.xcdatamodeld;
			sourceTree = "<group>";
			versionGroupType = wrapper.xcdatamodel;
		};
/* End XCVersionGroup section */
	};
	rootObject = A62C926A2526CF5F008613E6 /* Project object */;
}
